
Microsoft Visual Studio Solution File, Format Version 12.00
# Visual Studio Version 17
VisualStudioVersion = 17.11.35327.3
MinimumVisualStudioVersion = 10.0.40219.1
Project("{FAE04EC0-301F-11D3-BF4B-00C04F79EFBC}") = "TymeX_OnlineTest_2", "TymeX_OnlineTest_2\TymeX_OnlineTest_2.csproj", "{CF0DDE30-9CAB-47ED-A6AC-C297148E93D1}"
EndProject
Global
	GlobalSection(SolutionConfigurationPlatforms) = preSolution
		Debug|Any CPU = Debug|Any CPU
		Release|Any CPU = Release|Any CPU
	EndGlobalSection
	GlobalSection(ProjectConfigurationPlatforms) = postSolution
		{CF0DDE30-9CAB-47ED-A6AC-C297148E93D1}.Debug|Any CPU.ActiveCfg = Debug|Any CPU
		{CF0DDE30-9CAB-47ED-A6AC-C297148E93D1}.Debug|Any CPU.Build.0 = Debug|Any CPU
		{CF0DDE30-9CAB-47ED-A6AC-C297148E93D1}.Release|Any CPU.ActiveCfg = Release|Any CPU
		{CF0DDE30-9CAB-47ED-A6AC-C297148E93D1}.Release|Any CPU.Build.0 = Release|Any CPU
	EndGlobalSection
	GlobalSection(SolutionProperties) = preSolution
		HideSolutionNode = FALSE
	EndGlobalSection
	GlobalSection(ExtensibilityGlobals) = postSolution
		SolutionGuid = {25320DBE-C359-4D46-AED4-86C3B90125EB}
	EndGlobalSection
EndGlobal
